Microsoft Visual Studio Solution File, Format Version 7.00
Project("{8BC9CEB8-8B4A-11D0-8D11-00A0C91BC942}") = "browse", "samples\console\browse\browse.vcproj", "{3BC892F0-8A6A-4EAB-AEB2-09AE94A86651}"
EndProject
Project("{8BC9CEB8-8B4A-11D0-8D11-00A0C91BC942}") = "mDNSResponder", "src\mDNSResponder\Win32\mDNSResponderEXE.vcproj", "{2CFDC9BB-FCC6-423B-8681-7AFDF0BEEB57}"
EndProject
Project("{8BC9CEB8-8B4A-11D0-8D11-00A0C91BC942}") = "publish", "samples\console\publish\publish.vcproj", "{FCBA920C-66FF-4217-BE85-9ED4D7D30B16}"
EndProject
Project("{8BC9CEB8-8B4A-11D0-8D11-00A0C91BC942}") = "howl dynamic library", "src\lib\howl\Win32\howl.vcproj", "{7C665CB2-4B27-4732-B28E-E39DDDCEC7A2}"
EndProject
Project("{8BC9CEB8-8B4A-11D0-8D11-00A0C91BC942}") = "howl static library", "src\lib\howl\Win32\libhowl.vcproj", "{0D826AF5-0506-4C50-BB8B-7DB019AC21AE}"
EndProject
Project("{8BC9CEB8-8B4A-11D0-8D11-00A0C91BC942}") = "mDNSResponder static library", "src\lib\mDNSResponder\Win32\libmDNSResponder.vcproj", "{0D826AF5-0506-4C50-BB8B-7DB019AC21AE}"
EndProject
Project("{8BC9CEB8-8B4A-11D0-8D11-00A0C91BC942}") = "mDNSResponder dynamic library", "src\lib\mDNSResponder\Win32\mDNSResponder.vcproj", "{17880731-5446-4F7B-B524-0F00F0EA0E7F}"
EndProject
Project("{8BC9CEB8-8B4A-11D0-8D11-00A0C91BC942}") = "query", "samples\console\query\query.vcproj", "{433698BB-3564-4C11-B42B-83762FC95229}"
EndProject
Project("{8BC9CEB8-8B4A-11D0-8D11-00A0C91BC942}") = "howl.NET", "src\lib\howl.NET\howl_NET.vcproj", "{06D6517F-2E2E-4A87-B410-F6184A6C8338}"
EndProject
Global
	GlobalSection(SolutionConfiguration) = preSolution
		ConfigName.0 = Debug
		ConfigName.1 = Release
	EndGlobalSection
	GlobalSection(ProjectDependencies) = postSolution
		{3BC892F0-8A6A-4EAB-AEB2-09AE94A86651}.0 = {7C665CB2-4B27-4732-B28E-E39DDDCEC7A2}
		{3BC892F0-8A6A-4EAB-AEB2-09AE94A86651}.1 = {17880731-5446-4F7B-B524-0F00F0EA0E7F}
		{3BC892F0-8A6A-4EAB-AEB2-09AE94A86651}.2 = {2CFDC9BB-FCC6-423B-8681-7AFDF0BEEB57}
		{2CFDC9BB-FCC6-423B-8681-7AFDF0BEEB57}.0 = {7C665CB2-4B27-4732-B28E-E39DDDCEC7A2}
		{2CFDC9BB-FCC6-423B-8681-7AFDF0BEEB57}.1 = {17880731-5446-4F7B-B524-0F00F0EA0E7F}
		{FCBA920C-66FF-4217-BE85-9ED4D7D30B16}.0 = {7C665CB2-4B27-4732-B28E-E39DDDCEC7A2}
		{FCBA920C-66FF-4217-BE85-9ED4D7D30B16}.1 = {17880731-5446-4F7B-B524-0F00F0EA0E7F}
		{FCBA920C-66FF-4217-BE85-9ED4D7D30B16}.2 = {2CFDC9BB-FCC6-423B-8681-7AFDF0BEEB57}
		{433698BB-3564-4C11-B42B-83762FC95229}.0 = {7C665CB2-4B27-4732-B28E-E39DDDCEC7A2}
		{433698BB-3564-4C11-B42B-83762FC95229}.1 = {2CFDC9BB-FCC6-423B-8681-7AFDF0BEEB57}
		{433698BB-3564-4C11-B42B-83762FC95229}.2 = {17880731-5446-4F7B-B524-0F00F0EA0E7F}
		{06D6517F-2E2E-4A87-B410-F6184A6C8338}.0 = {7C665CB2-4B27-4732-B28E-E39DDDCEC7A2}
		{06D6517F-2E2E-4A87-B410-F6184A6C8338}.1 = {17880731-5446-4F7B-B524-0F00F0EA0E7F}
	EndGlobalSection
	GlobalSection(ProjectConfiguration) = postSolution
		{3BC892F0-8A6A-4EAB-AEB2-09AE94A86651}.Debug.ActiveCfg = Debug|Win32
		{3BC892F0-8A6A-4EAB-AEB2-09AE94A86651}.Debug.Build.0 = Debug|Win32
		{3BC892F0-8A6A-4EAB-AEB2-09AE94A86651}.Release.ActiveCfg = Release|Win32
		{3BC892F0-8A6A-4EAB-AEB2-09AE94A86651}.Release.Build.0 = Release|Win32
		{2CFDC9BB-FCC6-423B-8681-7AFDF0BEEB57}.Debug.ActiveCfg = Debug|Win32
		{2CFDC9BB-FCC6-423B-8681-7AFDF0BEEB57}.Debug.Build.0 = Debug|Win32
		{2CFDC9BB-FCC6-423B-8681-7AFDF0BEEB57}.Release.ActiveCfg = Release|Win32
		{2CFDC9BB-FCC6-423B-8681-7AFDF0BEEB57}.Release.Build.0 = Release|Win32
		{FCBA920C-66FF-4217-BE85-9ED4D7D30B16}.Debug.ActiveCfg = Debug|Win32
		{FCBA920C-66FF-4217-BE85-9ED4D7D30B16}.Debug.Build.0 = Debug|Win32
		{FCBA920C-66FF-4217-BE85-9ED4D7D30B16}.Release.ActiveCfg = Release|Win32
		{FCBA920C-66FF-4217-BE85-9ED4D7D30B16}.Release.Build.0 = Release|Win32
		{7C665CB2-4B27-4732-B28E-E39DDDCEC7A2}.Debug.ActiveCfg = Debug|Win32
		{7C665CB2-4B27-4732-B28E-E39DDDCEC7A2}.Debug.Build.0 = Debug|Win32
		{7C665CB2-4B27-4732-B28E-E39DDDCEC7A2}.Release.ActiveCfg = Release|Win32
		{7C665CB2-4B27-4732-B28E-E39DDDCEC7A2}.Release.Build.0 = Release|Win32
		{0D826AF5-0506-4C50-BB8B-7DB019AC21AE}.Debug.ActiveCfg = Debug|Win32
		{0D826AF5-0506-4C50-BB8B-7DB019AC21AE}.Debug.Build.0 = Debug|Win32
		{0D826AF5-0506-4C50-BB8B-7DB019AC21AE}.Release.ActiveCfg = Release|Win32
		{0D826AF5-0506-4C50-BB8B-7DB019AC21AE}.Release.Build.0 = Release|Win32
		{0D826AF5-0506-4C50-BB8B-7DB019AC21AE}.Debug.ActiveCfg = Debug|Win32
		{0D826AF5-0506-4C50-BB8B-7DB019AC21AE}.Debug.Build.0 = Debug|Win32
		{0D826AF5-0506-4C50-BB8B-7DB019AC21AE}.Release.ActiveCfg = Release|Win32
		{0D826AF5-0506-4C50-BB8B-7DB019AC21AE}.Release.Build.0 = Release|Win32
		{17880731-5446-4F7B-B524-0F00F0EA0E7F}.Debug.ActiveCfg = Debug|Win32
		{17880731-5446-4F7B-B524-0F00F0EA0E7F}.Debug.Build.0 = Debug|Win32
		{17880731-5446-4F7B-B524-0F00F0EA0E7F}.Release.ActiveCfg = Release|Win32
		{17880731-5446-4F7B-B524-0F00F0EA0E7F}.Release.Build.0 = Release|Win32
		{433698BB-3564-4C11-B42B-83762FC95229}.Debug.ActiveCfg = Debug|Win32
		{433698BB-3564-4C11-B42B-83762FC95229}.Debug.Build.0 = Debug|Win32
		{433698BB-3564-4C11-B42B-83762FC95229}.Release.ActiveCfg = Release|Win32
		{433698BB-3564-4C11-B42B-83762FC95229}.Release.Build.0 = Release|Win32
		{06D6517F-2E2E-4A87-B410-F6184A6C8338}.Debug.ActiveCfg = Debug|Win32
		{06D6517F-2E2E-4A87-B410-F6184A6C8338}.Debug.Build.0 = Debug|Win32
		{06D6517F-2E2E-4A87-B410-F6184A6C8338}.Release.ActiveCfg = Release|Win32
		{06D6517F-2E2E-4A87-B410-F6184A6C8338}.Release.Build.0 = Release|Win32
	EndGlobalSection
	GlobalSection(ExtensibilityGlobals) = postSolution
	EndGlobalSection
	GlobalSection(ExtensibilityAddIns) = postSolution
	EndGlobalSection
EndGlobal
